
Microsoft Visual Studio Solution File, Format Version 12.00
# Visual Studio Version 17
VisualStudioVersion = 17.8.34322.80
MinimumVisualStudioVersion = 10.0.40219.1
Project("{FAE04EC0-301F-11D3-BF4B-00C04F79EFBC}") = "MyLoLClipperAPI", "MyLoLClipperAPI\MyLoLClipperAPI.csproj", "{818A1B4C-0525-44EE-8F0A-CAFEAD62C14B}"
EndProject
Global
	GlobalSection(SolutionConfigurationPlatforms) = preSolution
		Debug|Any CPU = Debug|Any CPU
		Release|Any CPU = Release|Any CPU
	EndGlobalSection
	GlobalSection(ProjectConfigurationPlatforms) = postSolution
		{818A1B4C-0525-44EE-8F0A-CAFEAD62C14B}.Debug|Any CPU.ActiveCfg = Debug|Any CPU
		{818A1B4C-0525-44EE-8F0A-CAFEAD62C14B}.Debug|Any CPU.Build.0 = Debug|Any CPU
		{818A1B4C-0525-44EE-8F0A-CAFEAD62C14B}.Release|Any CPU.ActiveCfg = Release|Any CPU
		{818A1B4C-0525-44EE-8F0A-CAFEAD62C14B}.Release|Any CPU.Build.0 = Release|Any CPU
	EndGlobalSection
	GlobalSection(SolutionProperties) = preSolution
		HideSolutionNode = FALSE
	EndGlobalSection
	GlobalSection(ExtensibilityGlobals) = postSolution
		SolutionGuid = {9EAAE1B4-190B-4742-B83D-A8C5FA9C4820}
	EndGlobalSection
EndGlobal
